
Microsoft Visual Studio Solution File, Format Version 12.00
# Visual Studio Version 16
VisualStudioVersion = 16.0.30804.86
MinimumVisualStudioVersion = 10.0.40219.1
Project("{FAE04EC0-301F-11D3-BF4B-00C04F79EFBC}") = "Data Structures", "Data Structures\Data Structures.csproj", "{4C903F56-4BDB-40CE-AA8D-D73065C42056}"
EndProject
Global
	GlobalSection(SolutionConfigurationPlatforms) = preSolution
		Debug|Any CPU = Debug|Any CPU
		Release|Any CPU = Release|Any CPU
	EndGlobalSection
	GlobalSection(ProjectConfigurationPlatforms) = postSolution
		{4C903F56-4BDB-40CE-AA8D-D73065C42056}.Debug|Any CPU.ActiveCfg = Debug|Any CPU
		{4C903F56-4BDB-40CE-AA8D-D73065C42056}.Debug|Any CPU.Build.0 = Debug|Any CPU
		{4C903F56-4BDB-40CE-AA8D-D73065C42056}.Release|Any CPU.ActiveCfg = Release|Any CPU
		{4C903F56-4BDB-40CE-AA8D-D73065C42056}.Release|Any CPU.Build.0 = Release|Any CPU
	EndGlobalSection
	GlobalSection(SolutionProperties) = preSolution
		HideSolutionNode = FALSE
	EndGlobalSection
	GlobalSection(ExtensibilityGlobals) = postSolution
		SolutionGuid = {D6C65177-B799-4147-89D7-8871D357AFBC}
	EndGlobalSection
EndGlobal
